{
  "name": "@typescript-package/collection",
  "version": "1.0.0",
  "lockfileVersion": 3,
  "requires": true,
  "packages": {
    "": {
      "name": "@typescript-package/collection",
      "version": "1.0.0",
      "funding": [
        {
          "type": "stripe",
          "url": "https://donate.stripe.com/dR614hfDZcJE3wAcMM"
        },
        {
          "type": "Donorbox",
          "url": "https://donorbox.org/become-a-sponsor-to-the-angular-package?default_interval=o"
        },
        {
          "type": "Open Collective",
          "url": "https://opencollective.com/sterblack"
        },
        {
          "type": "Ko-fi",
          "url": "https://ko-fi.com/sterblack"
        },
        {
          "type": "4Fund",
          "url": "https://4fund.com/bruubs"
        },
        {
          "type": "paypal",
          "url": "https://paypal.me/sterblack"
        },
        {
          "type": "individual",
          "url": "https://checkout.revolut.com/pay/048b10a3-0e10-42c8-a917-e3e9cb4c8e29"
        }
      ],
      "license": "MIT",
      "peerDependencies": {
        "@typedly/collection": "^7.0.0",
        "@typedly/data": "^6.2.0",
        "@typedly/data-traits": "^2.0.0",
        "@typescript-package/data": "^9.0.0-beta.2"
      }
    },
    "node_modules/@typedly/adaptable-data": {
      "version": "6.0.0",
      "resolved": "https://registry.npmjs.org/@typedly/adaptable-data/-/adaptable-data-6.0.0.tgz",
      "integrity": "sha512-X3bAA2yPbhRgB2HtXLUmSk8z0mSOPLym5qiM7jl1XUzacEZwMEqzQEXpUI7dvYVNbOO5rgKfTQCD+IfGIgoh0A==",
      "funding": [
        {
          "type": "stripe",
          "url": "https://donate.stripe.com/dR614hfDZcJE3wAcMM"
        },
        {
          "type": "Donorbox",
          "url": "https://donorbox.org/become-a-sponsor-to-the-angular-package?default_interval=once&amount=1"
        },
        {
          "type": "Open Collective",
          "url": "https://opencollective.com/sterblack"
        },
        {
          "type": "Ko-fi",
          "url": "https://ko-fi.com/sterblack"
        },
        {
          "type": "4Fund",
          "url": "https://4fund.com/bruubs"
        },
        {
          "type": "paypal",
          "url": "https://paypal.me/sterblack"
        },
        {
          "type": "individual",
          "url": "https://checkout.revolut.com/pay/048b10a3-0e10-42c8-a917-e3e9cb4c8e29"
        }
      ],
      "license": "MIT",
      "peer": true,
      "peerDependencies": {
        "@typedly/configurable-data": "^5.0.0",
        "@typedly/data": "^6.2.0",
        "@typedly/data-adapter": "^5.0.0",
        "@typedly/data-traits": "^2.0.0"
      }
    },
    "node_modules/@typedly/collection": {
      "version": "7.0.0",
      "resolved": "https://registry.npmjs.org/@typedly/collection/-/collection-7.0.0.tgz",
      "integrity": "sha512-1I9gY42IOhxp+iOrVCoOAkpMcUQZpENajoTAmBEojPv6QE2kYAEazdfukCzaOJcZDp3tnI4pmBnirZMPOnrz/Q==",
      "funding": [
        {
          "type": "stripe",
          "url": "https://donate.stripe.com/dR614hfDZcJE3wAcMM"
        },
        {
          "type": "Donorbox",
          "url": "https://donorbox.org/become-a-sponsor-to-the-angular-package?default_interval=o"
        },
        {
          "type": "Open Collective",
          "url": "https://opencollective.com/sterblack"
        },
        {
          "type": "Ko-fi",
          "url": "https://ko-fi.com/sterblack"
        },
        {
          "type": "4Fund",
          "url": "https://4fund.com/bruubs"
        },
        {
          "type": "paypal",
          "url": "https://paypal.me/sterblack"
        },
        {
          "type": "individual",
          "url": "https://checkout.revolut.com/pay/048b10a3-0e10-42c8-a917-e3e9cb4c8e29"
        }
      ],
      "license": "MIT",
      "peer": true,
      "peerDependencies": {
        "@typedly/data": "^6.2.0",
        "@typedly/data-traits": "^2.0.0"
      }
    },
    "node_modules/@typedly/configurable-data": {
      "version": "5.0.0",
      "resolved": "https://registry.npmjs.org/@typedly/configurable-data/-/configurable-data-5.0.0.tgz",
      "integrity": "sha512-ZdBL0drh5+ZbLejxjMNN9mjOUvbkTqWMRIYPjTDPOieJCopjjuVfLr8qfXTZzhz7jtIwLipk075TnPGMbAfW9Q==",
      "funding": [
        {
          "type": "stripe",
          "url": "https://donate.stripe.com/dR614hfDZcJE3wAcMM"
        },
        {
          "type": "Donorbox",
          "url": "https://donorbox.org/become-a-sponsor-to-the-angular-package?default_interval=once&amount=1"
        },
        {
          "type": "Open Collective",
          "url": "https://opencollective.com/sterblack"
        },
        {
          "type": "Ko-fi",
          "url": "https://ko-fi.com/sterblack"
        },
        {
          "type": "4Fund",
          "url": "https://4fund.com/bruubs"
        },
        {
          "type": "paypal",
          "url": "https://paypal.me/sterblack"
        },
        {
          "type": "individual",
          "url": "https://checkout.revolut.com/pay/048b10a3-0e10-42c8-a917-e3e9cb4c8e29"
        }
      ],
      "license": "MIT",
      "peer": true,
      "peerDependencies": {
        "@typedly/data": "^6.2.0",
        "@typedly/data-traits": "^2.0.0"
      }
    },
    "node_modules/@typedly/constructor": {
      "version": "1.0.0",
      "resolved": "https://registry.npmjs.org/@typedly/constructor/-/constructor-1.0.0.tgz",
      "integrity": "sha512-MFww4huWIfRpPjr2Gz001XKdYzfTe3tW94+EzXKwhiqnwrPApOazpjM5NG8GYP9etKUlmAqVIFEc0xclSwfRDg==",
      "funding": [
        {
          "type": "stripe",
          "url": "https://donate.stripe.com/dR614hfDZcJE3wAcMM"
        },
        {
          "type": "revolut",
          "url": "https://checkout.revolut.com/pay/048b10a3-0e10-42c8-a917-e3e9cb4c8e29"
        }
      ],
      "license": "MIT",
      "peer": true
    },
    "node_modules/@typedly/data": {
      "version": "6.2.0",
      "resolved": "https://registry.npmjs.org/@typedly/data/-/data-6.2.0.tgz",
      "integrity": "sha512-ldwOHxrix9Y+883WZmAbA0TMgEA/3m1jpPjvizjvaoyOm1OnEHdNJSpFDAIONoVTxPlVyx+FQIzIuG8dI00QmQ==",
      "funding": [
        {
          "type": "stripe",
          "url": "https://donate.stripe.com/dR614hfDZcJE3wAcMM"
        },
        {
          "type": "Donorbox",
          "url": "https://donorbox.org/become-a-sponsor-to-the-angular-package?default_interval=once&amount=1"
        },
        {
          "type": "Open Collective",
          "url": "https://opencollective.com/sterblack"
        },
        {
          "type": "Ko-fi",
          "url": "https://ko-fi.com/sterblack"
        },
        {
          "type": "4Fund",
          "url": "https://4fund.com/bruubs"
        },
        {
          "type": "paypal",
          "url": "https://paypal.me/sterblack"
        },
        {
          "type": "individual",
          "url": "https://checkout.revolut.com/pay/048b10a3-0e10-42c8-a917-e3e9cb4c8e29"
        }
      ],
      "license": "MIT",
      "peer": true,
      "peerDependencies": {
        "@typedly/constructor": "^1.0.0"
      }
    },
    "node_modules/@typedly/data-adapter": {
      "version": "5.0.0",
      "resolved": "https://registry.npmjs.org/@typedly/data-adapter/-/data-adapter-5.0.0.tgz",
      "integrity": "sha512-qu4Qb6rksILY3FldXykuhXqd1yhRVLMiItUxPmf9DZgx1+0BzoSdmEHixDAO3Bu/JgEVwWPo7VcYLPLVKuMryQ==",
      "funding": [
        {
          "type": "stripe",
          "url": "https://donate.stripe.com/dR614hfDZcJE3wAcMM"
        },
        {
          "type": "Donorbox",
          "url": "https://donorbox.org/become-a-sponsor-to-the-angular-package?default_interval=once&amount=1"
        },
        {
          "type": "Open Collective",
          "url": "https://opencollective.com/sterblack"
        },
        {
          "type": "Ko-fi",
          "url": "https://ko-fi.com/sterblack"
        },
        {
          "type": "4Fund",
          "url": "https://4fund.com/bruubs"
        },
        {
          "type": "paypal",
          "url": "https://paypal.me/sterblack"
        },
        {
          "type": "individual",
          "url": "https://checkout.revolut.com/pay/048b10a3-0e10-42c8-a917-e3e9cb4c8e29"
        }
      ],
      "license": "MIT",
      "peer": true,
      "peerDependencies": {
        "@typedly/configurable-data": "^5.0.0",
        "@typedly/data": "^6.1.0",
        "@typedly/data-traits": "^2.0.0"
      }
    },
    "node_modules/@typedly/data-traits": {
      "version": "2.0.0",
      "resolved": "https://registry.npmjs.org/@typedly/data-traits/-/data-traits-2.0.0.tgz",
      "integrity": "sha512-8wUhOocR6tghkNnenj5AGdEglpRn58ZwXBD01OPhHi1juZPMK1+f/4jB+7tQe7c2K+RNthYjHaYep/fZTUlneA==",
      "funding": [
        {
          "type": "stripe",
          "url": "https://donate.stripe.com/dR614hfDZcJE3wAcMM"
        },
        {
          "type": "Donorbox",
          "url": "https://donorbox.org/become-a-sponsor-to-the-angular-package?default_interval=once&amount=1"
        },
        {
          "type": "Open Collective",
          "url": "https://opencollective.com/sterblack"
        },
        {
          "type": "Ko-fi",
          "url": "https://ko-fi.com/sterblack"
        },
        {
          "type": "4Fund",
          "url": "https://4fund.com/bruubs"
        },
        {
          "type": "paypal",
          "url": "https://paypal.me/sterblack"
        },
        {
          "type": "individual",
          "url": "https://checkout.revolut.com/pay/048b10a3-0e10-42c8-a917-e3e9cb4c8e29"
        }
      ],
      "license": "MIT",
      "peer": true
    },
    "node_modules/@typescript-package/data": {
      "version": "9.0.0-beta.2",
      "resolved": "https://registry.npmjs.org/@typescript-package/data/-/data-9.0.0-beta.2.tgz",
      "integrity": "sha512-hJGqwN6hYqYYIuwOkhtTXiuvaU3NC9ZPOtZBEDJBXjiJfVAo8fLVjF4HVcvh5J3ioWIvgYQu6GlTwon/u+Ym5w==",
      "funding": [
        {
          "type": "stripe",
          "url": "https://donate.stripe.com/dR614hfDZcJE3wAcMM"
        },
        {
          "type": "individual",
          "url": "https://checkout.revolut.com/pay/048b10a3-0e10-42c8-a917-e3e9cb4c8e29"
        }
      ],
      "license": "MIT",
      "peer": true,
      "peerDependencies": {
        "@typedly/adaptable-data": "^6.0.0",
        "@typedly/configurable-data": "^5.0.0",
        "@typedly/data": "^6.2.0",
        "@typedly/data-adapter": "^5.0.0",
        "@typedly/data-traits": "^2.0.0"
      }
    }
  }
}
